
Microsoft Visual Studio Solution File, Format Version 12.00
# Visual Studio Version 17
VisualStudioVersion = 17.3.32819.101
MinimumVisualStudioVersion = 10.0.40219.1
Project("{9A19103F-16F7-4668-BE54-9A1E7A4F7556}") = "BookMyShow", "BookMyShow\BookMyShow.csproj", "{B82D145A-ED66-4CA0-B564-64350B6915A6}"
EndProject
Project("{9A19103F-16F7-4668-BE54-9A1E7A4F7556}") = "BookMyShow.Core", "BookMyShow.Core\BookMyShow.Core.csproj", "{0EAFF33B-87C1-4CEB-9FD2-3721F5BBDC80}"
EndProject
Project("{9A19103F-16F7-4668-BE54-9A1E7A4F7556}") = "BookMyShow.Infrastructure", "BookMyShow.Infrastructure\BookMyShow.Infrastructure.csproj", "{0AAB9A1A-10F2-4154-9C0B-E9CA578ADEC9}"
EndProject
Project("{FAE04EC0-301F-11D3-BF4B-00C04F79EFBC}") = "BookMyShow.UnitTest", "BookMyShow.UnitTest\BookMyShow.UnitTest.csproj", "{6ED3E555-3BFF-46C6-AF7D-B233DB37BF7D}"
EndProject
Global
	GlobalSection(SolutionConfigurationPlatforms) = preSolution
		Debug|Any CPU = Debug|Any CPU
		Release|Any CPU = Release|Any CPU
	EndGlobalSection
	GlobalSection(ProjectConfigurationPlatforms) = postSolution
		{B82D145A-ED66-4CA0-B564-64350B6915A6}.Debug|Any CPU.ActiveCfg = Debug|Any CPU
		{B82D145A-ED66-4CA0-B564-64350B6915A6}.Debug|Any CPU.Build.0 = Debug|Any CPU
		{B82D145A-ED66-4CA0-B564-64350B6915A6}.Release|Any CPU.ActiveCfg = Release|Any CPU
		{B82D145A-ED66-4CA0-B564-64350B6915A6}.Release|Any CPU.Build.0 = Release|Any CPU
		{0EAFF33B-87C1-4CEB-9FD2-3721F5BBDC80}.Debug|Any CPU.ActiveCfg = Debug|Any CPU
		{0EAFF33B-87C1-4CEB-9FD2-3721F5BBDC80}.Debug|Any CPU.Build.0 = Debug|Any CPU
		{0EAFF33B-87C1-4CEB-9FD2-3721F5BBDC80}.Release|Any CPU.ActiveCfg = Release|Any CPU
		{0EAFF33B-87C1-4CEB-9FD2-3721F5BBDC80}.Release|Any CPU.Build.0 = Release|Any CPU
		{0AAB9A1A-10F2-4154-9C0B-E9CA578ADEC9}.Debug|Any CPU.ActiveCfg = Debug|Any CPU
		{0AAB9A1A-10F2-4154-9C0B-E9CA578ADEC9}.Debug|Any CPU.Build.0 = Debug|Any CPU
		{0AAB9A1A-10F2-4154-9C0B-E9CA578ADEC9}.Release|Any CPU.ActiveCfg = Release|Any CPU
		{0AAB9A1A-10F2-4154-9C0B-E9CA578ADEC9}.Release|Any CPU.Build.0 = Release|Any CPU
		{6ED3E555-3BFF-46C6-AF7D-B233DB37BF7D}.Debug|Any CPU.ActiveCfg = Debug|Any CPU
		{6ED3E555-3BFF-46C6-AF7D-B233DB37BF7D}.Debug|Any CPU.Build.0 = Debug|Any CPU
		{6ED3E555-3BFF-46C6-AF7D-B233DB37BF7D}.Release|Any CPU.ActiveCfg = Release|Any CPU
		{6ED3E555-3BFF-46C6-AF7D-B233DB37BF7D}.Release|Any CPU.Build.0 = Release|Any CPU
	EndGlobalSection
	GlobalSection(SolutionProperties) = preSolution
		HideSolutionNode = FALSE
	EndGlobalSection
	GlobalSection(ExtensibilityGlobals) = postSolution
		SolutionGuid = {C86EAC11-F7EB-4048-9F30-DCB9DD978E46}
	EndGlobalSection
EndGlobal
