
Microsoft Visual Studio Solution File, Format Version 12.00
# Visual Studio Version 17
VisualStudioVersion = 17.3.32819.101
MinimumVisualStudioVersion = 10.0.40219.1
Project("{FAE04EC0-301F-11D3-BF4B-00C04F79EFBC}") = "BookMyShowProject", "BookMyShowProject\BookMyShowProject.csproj", "{7FBA3E3A-5FD5-4D5D-80D6-E18531E5DA5F}"
EndProject
Project("{FAE04EC0-301F-11D3-BF4B-00C04F79EFBC}") = "BookMyShowProject.Core", "BookMyShowProject.Core\BookMyShowProject.Core.csproj", "{70E2E238-8F2D-4157-A342-79882E5EA227}"
EndProject
Project("{FAE04EC0-301F-11D3-BF4B-00C04F79EFBC}") = "BookMyShowProject.infrastructure", "BookMyShowProject.infrastructure\BookMyShowProject.infrastructure.csproj", "{55DD2B3A-3618-450A-AA03-42C1B3046ADD}"
EndProject
Global
	GlobalSection(SolutionConfigurationPlatforms) = preSolution
		Debug|Any CPU = Debug|Any CPU
		Release|Any CPU = Release|Any CPU
	EndGlobalSection
	GlobalSection(ProjectConfigurationPlatforms) = postSolution
		{7FBA3E3A-5FD5-4D5D-80D6-E18531E5DA5F}.Debug|Any CPU.ActiveCfg = Debug|Any CPU
		{7FBA3E3A-5FD5-4D5D-80D6-E18531E5DA5F}.Debug|Any CPU.Build.0 = Debug|Any CPU
		{7FBA3E3A-5FD5-4D5D-80D6-E18531E5DA5F}.Release|Any CPU.ActiveCfg = Release|Any CPU
		{7FBA3E3A-5FD5-4D5D-80D6-E18531E5DA5F}.Release|Any CPU.Build.0 = Release|Any CPU
		{70E2E238-8F2D-4157-A342-79882E5EA227}.Debug|Any CPU.ActiveCfg = Debug|Any CPU
		{70E2E238-8F2D-4157-A342-79882E5EA227}.Debug|Any CPU.Build.0 = Debug|Any CPU
		{70E2E238-8F2D-4157-A342-79882E5EA227}.Release|Any CPU.ActiveCfg = Release|Any CPU
		{70E2E238-8F2D-4157-A342-79882E5EA227}.Release|Any CPU.Build.0 = Release|Any CPU
		{55DD2B3A-3618-450A-AA03-42C1B3046ADD}.Debug|Any CPU.ActiveCfg = Debug|Any CPU
		{55DD2B3A-3618-450A-AA03-42C1B3046ADD}.Debug|Any CPU.Build.0 = Debug|Any CPU
		{55DD2B3A-3618-450A-AA03-42C1B3046ADD}.Release|Any CPU.ActiveCfg = Release|Any CPU
		{55DD2B3A-3618-450A-AA03-42C1B3046ADD}.Release|Any CPU.Build.0 = Release|Any CPU
	EndGlobalSection
	GlobalSection(SolutionProperties) = preSolution
		HideSolutionNode = FALSE
	EndGlobalSection
	GlobalSection(ExtensibilityGlobals) = postSolution
		SolutionGuid = {E034DC1B-BE4F-4D11-9172-AF227F535B70}
	EndGlobalSection
EndGlobal
