
Microsoft Visual Studio Solution File, Format Version 12.00
# Visual Studio Version 17
VisualStudioVersion = 17.3.32819.101
MinimumVisualStudioVersion = 10.0.40219.1
Project("{FAE04EC0-301F-11D3-BF4B-00C04F79EFBC}") = "Practies", "Practies\Practies.csproj", "{D10C73FA-D9BF-47D6-9F4B-D1F3CCACFE6F}"
EndProject
Global
	GlobalSection(SolutionConfigurationPlatforms) = preSolution
		Debug|Any CPU = Debug|Any CPU
		Release|Any CPU = Release|Any CPU
	EndGlobalSection
	GlobalSection(ProjectConfigurationPlatforms) = postSolution
		{D10C73FA-D9BF-47D6-9F4B-D1F3CCACFE6F}.Debug|Any CPU.ActiveCfg = Debug|Any CPU
		{D10C73FA-D9BF-47D6-9F4B-D1F3CCACFE6F}.Debug|Any CPU.Build.0 = Debug|Any CPU
		{D10C73FA-D9BF-47D6-9F4B-D1F3CCACFE6F}.Release|Any CPU.ActiveCfg = Release|Any CPU
		{D10C73FA-D9BF-47D6-9F4B-D1F3CCACFE6F}.Release|Any CPU.Build.0 = Release|Any CPU
	EndGlobalSection
	GlobalSection(SolutionProperties) = preSolution
		HideSolutionNode = FALSE
	EndGlobalSection
	GlobalSection(ExtensibilityGlobals) = postSolution
		SolutionGuid = {8ED0C918-6E7E-4DBE-8BED-6ADE6F23143D}
	EndGlobalSection
EndGlobal
